// !$*UTF8*$!
{
	archiveVersion = 1;
	classes = {
	};
	objectVersion = 46;
	objects = {

/* Begin PBXBuildFile section */
		DA08074918E44867003BA737 /* Foundation.framework in Frameworks */ = {isa = PBXBuildFile; fileRef = DA08074818E44867003BA737 /* Foundation.framework */; };
		DA08074B18E44867003BA737 /* CoreGraphics.framework in Frameworks */ = {isa = PBXBuildFile; fileRef = DA08074A18E44867003BA737 /* CoreGraphics.framework */; };
		DA08074D18E44867003BA737 /* UIKit.framework in Frameworks */ = {isa = PBXBuildFile; fileRef = DA08074C18E44867003BA737 /* UIKit.framework */; };
		DA08074F18E44867003BA737 /* SpriteKit.framework in Frameworks */ = {isa = PBXBuildFile; fileRef = DA08074E18E44867003BA737 /* SpriteKit.framework */; };
		DA08075518E44867003BA737 /* InfoPlist.strings in Resources */ = {isa = PBXBuildFile; fileRef = DA08075318E44867003BA737 /* InfoPlist.strings */; };
		DA08075718E44867003BA737 /* main.m in Sources */ = {isa = PBXBuildFile; fileRef = DA08075618E44867003BA737 /* main.m */; };
		DA08075B18E44867003BA737 /* AppDelegate.m in Sources */ = {isa = PBXBuildFile; fileRef = DA08075A18E44867003BA737 /* AppDelegate.m */; };
		DA08075E18E44868003BA737 /* Main_iPhone.storyboard in Resources */ = {isa = PBXBuildFile; fileRef = DA08075C18E44868003BA737 /* Main_iPhone.storyboard */; };
		DA08076118E44868003BA737 /* Main_iPad.storyboard in Resources */ = {isa = PBXBuildFile; fileRef = DA08075F18E44868003BA737 /* Main_iPad.storyboard */; };
		DA08076918E44868003BA737 /* Spaceship.png in Resources */ = {isa = PBXBuildFile; fileRef = DA08076818E44868003BA737 /* Spaceship.png */; };
		DA08076B18E44868003BA737 /* Images.xcassets in Resources */ = {isa = PBXBuildFile; fileRef = DA08076A18E44868003BA737 /* Images.xcassets */; };
		DA08077218E44868003BA737 /* XCTest.framework in Frameworks */ = {isa = PBXBuildFile; fileRef = DA08077118E44868003BA737 /* XCTest.framework */; };
		DA08077318E44868003BA737 /* Foundation.framework in Frameworks */ = {isa = PBXBuildFile; fileRef = DA08074818E44867003BA737 /* Foundation.framework */; };
		DA08077418E44868003BA737 /* UIKit.framework in Frameworks */ = {isa = PBXBuildFile; fileRef = DA08074C18E44867003BA737 /* UIKit.framework */; };
		DA08077C18E44868003BA737 /* InfoPlist.strings in Resources */ = {isa = PBXBuildFile; fileRef = DA08077A18E44868003BA737 /* InfoPlist.strings */; };
		DA08077E18E44868003BA737 /* killThePilotTests.m in Sources */ = {isa = PBXBuildFile; fileRef = DA08077D18E44868003BA737 /* killThePilotTests.m */; };
		DA08078818E4497C003BA737 /* QuartzCore.framework in Frameworks */ = {isa = PBXBuildFile; fileRef = DA08078718E4497C003BA737 /* QuartzCore.framework */; };
		DA08078B18E44ABF003BA737 /* PilotViewController.m in Sources */ = {isa = PBXBuildFile; fileRef = DA08078A18E44ABF003BA737 /* PilotViewController.m */; };
		DA08078E18E44B5E003BA737 /* PlaneNode.m in Sources */ = {isa = PBXBuildFile; fileRef = DA08078D18E44B5E003BA737 /* PlaneNode.m */; };
		DA08079118E44D9F003BA737 /* SharedAtles.m in Sources */ = {isa = PBXBuildFile; fileRef = DA08079018E44D9F003BA737 /* SharedAtles.m */; };
		DA08079E18E45306003BA737 /* bullet.mp3 in Resources */ = {isa = PBXBuildFile; fileRef = DA08079318E45306003BA737 /* bullet.mp3 */; };
		DA08079F18E45306003BA737 /* BurstAircraftPause.png in Resources */ = {isa = PBXBuildFile; fileRef = DA08079418E45306003BA737 /* BurstAircraftPause.png */; };
		DA0807A018E45306003BA737 /* BurstAircraftPause@2x.png in Resources */ = {isa = PBXBuildFile; fileRef = DA08079518E45306003BA737 /* BurstAircraftPause@2x.png */; };
		DA0807A118E45306003BA737 /* enemy1_down.mp3 in Resources */ = {isa = PBXBuildFile; fileRef = DA08079618E45306003BA737 /* enemy1_down.mp3 */; };
		DA0807A218E45306003BA737 /* enemy2_down.mp3 in Resources */ = {isa = PBXBuildFile; fileRef = DA08079718E45306003BA737 /* enemy2_down.mp3 */; };
		DA0807A318E45306003BA737 /* enemy2_out.mp3 in Resources */ = {isa = PBXBuildFile; fileRef = DA08079818E45306003BA737 /* enemy2_out.mp3 */; };
		DA0807A418E45306003BA737 /* enemy3_down.mp3 in Resources */ = {isa = PBXBuildFile; fileRef = DA08079918E45306003BA737 /* enemy3_down.mp3 */; };
		DA0807A518E45306003BA737 /* game_music.mp3 in Resources */ = {isa = PBXBuildFile; fileRef = DA08079A18E45306003BA737 /* game_music.mp3 */; };
		DA0807A618E45306003BA737 /* game_over.mp3 in Resources */ = {isa = PBXBuildFile; fileRef = DA08079B18E45306003BA737 /* game_over.mp3 */; };
		DA0807A718E45306003BA737 /* gameArts-hd.plist in Resources */ = {isa = PBXBuildFile; fileRef = DA08079C18E45306003BA737 /* gameArts-hd.plist */; };
		DA0807A818E45306003BA737 /* gameArts-hd@2x.png in Resources */ = {isa = PBXBuildFile; fileRef = DA08079D18E45306003BA737 /* gameArts-hd@2x.png */; };
		DA0807AB18E4534A003BA737 /* PlaneScene.m in Sources */ = {isa = PBXBuildFile; fileRef = DA0807AA18E4534A003BA737 /* PlaneScene.m */; };
		DA0807B018E4791C003BA737 /* padbg.png in Resources */ = {isa = PBXBuildFile; fileRef = DA0807AC18E4791C003BA737 /* padbg.png */; };
		DA0807B118E4791C003BA737 /* padbg@2x.png in Resources */ = {isa = PBXBuildFile; fileRef = DA0807AD18E4791C003BA737 /* padbg@2x.png */; };
		DA0807B218E4791C003BA737 /* phonebg.png in Resources */ = {isa = PBXBuildFile; fileRef = DA0807AE18E4791C003BA737 /* phonebg.png */; };
		DA0807B318E4791C003BA737 /* phonebg@2x.png in Resources */ = {isa = PBXBuildFile; fileRef = DA0807AF18E4791C003BA737 /* phonebg@2x.png */; };
		DA8EB42118E47F2C00DD5295 /* MapKit.framework in Frameworks */ = {isa = PBXBuildFile; fileRef = DA8EB42018E47F2C00DD5295 /* MapKit.framework */; };
/* End PBXBuildFile section */

/* Begin PBXContainerItemProxy section */
		DA08077518E44868003BA737 /* PBXContainerItemProxy */ = {
			isa = PBXContainerItemProxy;
			containerPortal = DA08073D18E44867003BA737 /* Project object */;
			proxyType = 1;
			remoteGlobalIDString = DA08074418E44867003BA737;
			remoteInfo = killThePilot;
		};
/* End PBXContainerItemProxy section */

/* Begin PBXFileReference section */
		DA08074518E44867003BA737 /* killThePilot.app */ = {isa = PBXFileReference; explicitFileType = wrapper.application; includeInIndex = 0; path = killThePilot.app; sourceTree = BUILT_PRODUCTS_DIR; };
		DA08074818E44867003BA737 /* Foundation.framework */ = {isa = PBXFileReference; lastKnownFileType = wrapper.framework; name = Foundation.framework; path = System/Library/Frameworks/Foundation.framework; sourceTree = SDKROOT; };
		DA08074A18E44867003BA737 /* CoreGraphics.framework */ = {isa = PBXFileReference; lastKnownFileType = wrapper.framework; name = CoreGraphics.framework; path = System/Library/Frameworks/CoreGraphics.framework; sourceTree = SDKROOT; };
		DA08074C18E44867003BA737 /* UIKit.framework */ = {isa = PBXFileReference; lastKnownFileType = wrapper.framework; name = UIKit.framework; path = System/Library/Frameworks/UIKit.framework; sourceTree = SDKROOT; };
		DA08074E18E44867003BA737 /* SpriteKit.framework */ = {isa = PBXFileReference; lastKnownFileType = wrapper.framework; name = SpriteKit.framework; path = System/Library/Frameworks/SpriteKit.framework; sourceTree = SDKROOT; };
		DA08075218E44867003BA737 /* killThePilot-Info.plist */ = {isa = PBXFileReference; lastKnownFileType = text.plist.xml; path = "killThePilot-Info.plist"; sourceTree = "<group>"; };
		DA08075418E44867003BA737 /* en */ = {isa = PBXFileReference; lastKnownFileType = text.plist.strings; name = en; path = en.lproj/InfoPlist.strings; sourceTree = "<group>"; };
		DA08075618E44867003BA737 /* main.m */ = {isa = PBXFileReference; lastKnownFileType = sourcecode.c.objc; path = main.m; sourceTree = "<group>"; };
		DA08075818E44867003BA737 /* killThePilot-Prefix.pch */ = {isa = PBXFileReference; lastKnownFileType = sourcecode.c.h; path = "killThePilot-Prefix.pch"; sourceTree = "<group>"; };
		DA08075918E44867003BA737 /* AppDelegate.h */ = {isa = PBXFileReference; lastKnownFileType = sourcecode.c.h; path = AppDelegate.h; sourceTree = "<group>"; };
		DA08075A18E44867003BA737 /* AppDelegate.m */ = {isa = PBXFileReference; lastKnownFileType = sourcecode.c.objc; path = AppDelegate.m; sourceTree = "<group>"; };
		DA08075D18E44868003BA737 /* Base */ = {isa = PBXFileReference; lastKnownFileType = file.storyboard; name = Base; path = Base.lproj/Main_iPhone.storyboard; sourceTree = "<group>"; };
		DA08076018E44868003BA737 /* Base */ = {isa = PBXFileReference; lastKnownFileType = file.storyboard; name = Base; path = Base.lproj/Main_iPad.storyboard; sourceTree = "<group>"; };
		DA08076818E44868003BA737 /* Spaceship.png */ = {isa = PBXFileReference; lastKnownFileType = image.png; path = Spaceship.png; sourceTree = "<group>"; };
		DA08076A18E44868003BA737 /* Images.xcassets */ = {isa = PBXFileReference; lastKnownFileType = folder.assetcatalog; path = Images.xcassets; sourceTree = "<group>"; };
		DA08077018E44868003BA737 /* killThePilotTests.xctest */ = {isa = PBXFileReference; explicitFileType = wrapper.cfbundle; includeInIndex = 0; path = killThePilotTests.xctest; sourceTree = BUILT_PRODUCTS_DIR; };
		DA08077118E44868003BA737 /* XCTest.framework */ = {isa = PBXFileReference; lastKnownFileType = wrapper.framework; name = XCTest.framework; path = Library/Frameworks/XCTest.framework; sourceTree = DEVELOPER_DIR; };
		DA08077918E44868003BA737 /* killThePilotTests-Info.plist */ = {isa = PBXFileReference; lastKnownFileType = text.plist.xml; path = "killThePilotTests-Info.plist"; sourceTree = "<group>"; };
		DA08077B18E44868003BA737 /* en */ = {isa = PBXFileReference; lastKnownFileType = text.plist.strings; name = en; path = en.lproj/InfoPlist.strings; sourceTree = "<group>"; };
		DA08077D18E44868003BA737 /* killThePilotTests.m */ = {isa = PBXFileReference; lastKnownFileType = sourcecode.c.objc; path = killThePilotTests.m; sourceTree = "<group>"; };
		DA08078718E4497C003BA737 /* QuartzCore.framework */ = {isa = PBXFileReference; lastKnownFileType = wrapper.framework; name = QuartzCore.framework; path = System/Library/Frameworks/QuartzCore.framework; sourceTree = SDKROOT; };
		DA08078918E44ABE003BA737 /* PilotViewController.h */ = {isa = PBXFileReference; fileEncoding = 4; lastKnownFileType = sourcecode.c.h; path = PilotViewController.h; sourceTree = "<group>"; };
		DA08078A18E44ABF003BA737 /* PilotViewController.m */ = {isa = PBXFileReference; fileEncoding = 4; lastKnownFileType = sourcecode.c.objc; path = PilotViewController.m; sourceTree = "<group>"; };
		DA08078C18E44B5E003BA737 /* PlaneNode.h */ = {isa = PBXFileReference; fileEncoding = 4; lastKnownFileType = sourcecode.c.h; path = PlaneNode.h; sourceTree = "<group>"; };
		DA08078D18E44B5E003BA737 /* PlaneNode.m */ = {isa = PBXFileReference; fileEncoding = 4; lastKnownFileType = sourcecode.c.objc; path = PlaneNode.m; sourceTree = "<group>"; };
		DA08078F18E44D9F003BA737 /* SharedAtles.h */ = {isa = PBXFileReference; fileEncoding = 4; lastKnownFileType = sourcecode.c.h; path = SharedAtles.h; sourceTree = "<group>"; };
		DA08079018E44D9F003BA737 /* SharedAtles.m */ = {isa = PBXFileReference; fileEncoding = 4; lastKnownFileType = sourcecode.c.objc; path = SharedAtles.m; sourceTree = "<group>"; };
		DA08079318E45306003BA737 /* bullet.mp3 */ = {isa = PBXFileReference; lastKnownFileType = audio.mp3; path = bullet.mp3; sourceTree = "<group>"; };
		DA08079418E45306003BA737 /* BurstAircraftPause.png */ = {isa = PBXFileReference; lastKnownFileType = image.png; path = BurstAircraftPause.png; sourceTree = "<group>"; };
		DA08079518E45306003BA737 /* BurstAircraftPause@2x.png */ = {isa = PBXFileReference; lastKnownFileType = image.png; path = "BurstAircraftPause@2x.png"; sourceTree = "<group>"; };
		DA08079618E45306003BA737 /* enemy1_down.mp3 */ = {isa = PBXFileReference; lastKnownFileType = audio.mp3; path = enemy1_down.mp3; sourceTree = "<group>"; };
		DA08079718E45306003BA737 /* enemy2_down.mp3 */ = {isa = PBXFileReference; lastKnownFileType = audio.mp3; path = enemy2_down.mp3; sourceTree = "<group>"; };
		DA08079818E45306003BA737 /* enemy2_out.mp3 */ = {isa = PBXFileReference; lastKnownFileType = audio.mp3; path = enemy2_out.mp3; sourceTree = "<group>"; };
		DA08079918E45306003BA737 /* enemy3_down.mp3 */ = {isa = PBXFileReference; lastKnownFileType = audio.mp3; path = enemy3_down.mp3; sourceTree = "<group>"; };
		DA08079A18E45306003BA737 /* game_music.mp3 */ = {isa = PBXFileReference; lastKnownFileType = audio.mp3; path = game_music.mp3; sourceTree = "<group>"; };
		DA08079B18E45306003BA737 /* game_over.mp3 */ = {isa = PBXFileReference; lastKnownFileType = audio.mp3; path = game_over.mp3; sourceTree = "<group>"; };
		DA08079C18E45306003BA737 /* gameArts-hd.plist */ = {isa = PBXFileReference; fileEncoding = 4; lastKnownFileType = text.plist.xml; path = "gameArts-hd.plist"; sourceTree = "<group>"; };
		DA08079D18E45306003BA737 /* gameArts-hd@2x.png */ = {isa = PBXFileReference; lastKnownFileType = image.png; path = "gameArts-hd@2x.png"; sourceTree = "<group>"; };
		DA0807A918E4534A003BA737 /* PlaneScene.h */ = {isa = PBXFileReference; fileEncoding = 4; lastKnownFileType = sourcecode.c.h; path = PlaneScene.h; sourceTree = "<group>"; };
		DA0807AA18E4534A003BA737 /* PlaneScene.m */ = {isa = PBXFileReference; fileEncoding = 4; lastKnownFileType = sourcecode.c.objc; path = PlaneScene.m; sourceTree = "<group>"; };
		DA0807AC18E4791C003BA737 /* padbg.png */ = {isa = PBXFileReference; lastKnownFileType = image.png; path = padbg.png; sourceTree = "<group>"; };
		DA0807AD18E4791C003BA737 /* padbg@2x.png */ = {isa = PBXFileReference; lastKnownFileType = image.png; path = "padbg@2x.png"; sourceTree = "<group>"; };
		DA0807AE18E4791C003BA737 /* phonebg.png */ = {isa = PBXFileReference; lastKnownFileType = image.png; path = phonebg.png; sourceTree = "<group>"; };
		DA0807AF18E4791C003BA737 /* phonebg@2x.png */ = {isa = PBXFileReference; lastKnownFileType = image.png; path = "phonebg@2x.png"; sourceTree = "<group>"; };
		DA8EB42018E47F2C00DD5295 /* MapKit.framework */ = {isa = PBXFileReference; lastKnownFileType = wrapper.framework; name = MapKit.framework; path = System/Library/Frameworks/MapKit.framework; sourceTree = SDKROOT; };
/* End PBXFileReference section */

/* Begin PBXFrameworksBuildPhase section */
		DA08074218E44867003BA737 /* Frameworks */ = {
			isa = PBXFrameworksBuildPhase;
			buildActionMask = 2147483647;
			files = (
				DA08078818E4497C003BA737 /* QuartzCore.framework in Frameworks */,
				DA08074B18E44867003BA737 /* CoreGraphics.framework in Frameworks */,
				DA08074D18E44867003BA737 /* UIKit.framework in Frameworks */,
				DA08074F18E44867003BA737 /* SpriteKit.framework in Frameworks */,
				DA8EB42118E47F2C00DD5295 /* MapKit.framework in Frameworks */,
				DA08074918E44867003BA737 /* Foundation.framework in Frameworks */,
			);
			runOnlyForDeploymentPostprocessing = 0;
		};
		DA08076D18E44868003BA737 /* Frameworks */ = {
			isa = PBXFrameworksBuildPhase;
			buildActionMask = 2147483647;
			files = (
				DA08077218E44868003BA737 /* XCTest.framework in Frameworks */,
				DA08077418E44868003BA737 /* UIKit.framework in Frameworks */,
				DA08077318E44868003BA737 /* Foundation.framework in Frameworks */,
			);
			runOnlyForDeploymentPostprocessing = 0;
		};
/* End PBXFrameworksBuildPhase section */

/* Begin PBXGroup section */
		DA08073C18E44867003BA737 = {
			isa = PBXGroup;
			children = (
				DA08075018E44867003BA737 /* killThePilot */,
				DA08077718E44868003BA737 /* killThePilotTests */,
				DA08074718E44867003BA737 /* Frameworks */,
				DA08074618E44867003BA737 /* Products */,
			);
			sourceTree = "<group>";
		};
		DA08074618E44867003BA737 /* Products */ = {
			isa = PBXGroup;
			children = (
				DA08074518E44867003BA737 /* killThePilot.app */,
				DA08077018E44868003BA737 /* killThePilotTests.xctest */,
			);
			name = Products;
			sourceTree = "<group>";
		};
		DA08074718E44867003BA737 /* Frameworks */ = {
			isa = PBXGroup;
			children = (
				DA8EB42018E47F2C00DD5295 /* MapKit.framework */,
				DA08078718E4497C003BA737 /* QuartzCore.framework */,
				DA08074818E44867003BA737 /* Foundation.framework */,
				DA08074A18E44867003BA737 /* CoreGraphics.framework */,
				DA08074C18E44867003BA737 /* UIKit.framework */,
				DA08074E18E44867003BA737 /* SpriteKit.framework */,
				DA08077118E44868003BA737 /* XCTest.framework */,
			);
			name = Frameworks;
			sourceTree = "<group>";
		};
		DA08075018E44867003BA737 /* killThePilot */ = {
			isa = PBXGroup;
			children = (
				DA08075918E44867003BA737 /* AppDelegate.h */,
				DA08075A18E44867003BA737 /* AppDelegate.m */,
				DA08075C18E44868003BA737 /* Main_iPhone.storyboard */,
				DA08075F18E44868003BA737 /* Main_iPad.storyboard */,
				DA08076818E44868003BA737 /* Spaceship.png */,
				DA08076A18E44868003BA737 /* Images.xcassets */,
				DA08075118E44867003BA737 /* Supporting Files */,
				DA08078918E44ABE003BA737 /* PilotViewController.h */,
				DA08078A18E44ABF003BA737 /* PilotViewController.m */,
				DA08078C18E44B5E003BA737 /* PlaneNode.h */,
				DA08078D18E44B5E003BA737 /* PlaneNode.m */,
				DA08078F18E44D9F003BA737 /* SharedAtles.h */,
				DA08079018E44D9F003BA737 /* SharedAtles.m */,
				DA0807A918E4534A003BA737 /* PlaneScene.h */,
				DA0807AA18E4534A003BA737 /* PlaneScene.m */,
			);
			path = killThePilot;
			sourceTree = "<group>";
		};
		DA08075118E44867003BA737 /* Supporting Files */ = {
			isa = PBXGroup;
			children = (
				DA08079218E45306003BA737 /* Resources */,
				DA08075218E44867003BA737 /* killThePilot-Info.plist */,
				DA08075318E44867003BA737 /* InfoPlist.strings */,
				DA08075618E44867003BA737 /* main.m */,
				DA08075818E44867003BA737 /* killThePilot-Prefix.pch */,
			);
			name = "Supporting Files";
			sourceTree = "<group>";
		};
		DA08077718E44868003BA737 /* killThePilotTests */ = {
			isa = PBXGroup;
			children = (
				DA08077D18E44868003BA737 /* killThePilotTests.m */,
				DA08077818E44868003BA737 /* Supporting Files */,
			);
			path = killThePilotTests;
			sourceTree = "<group>";
		};
		DA08077818E44868003BA737 /* Supporting Files */ = {
			isa = PBXGroup;
			children = (
				DA08077918E44868003BA737 /* killThePilotTests-Info.plist */,
				DA08077A18E44868003BA737 /* InfoPlist.strings */,
			);
			name = "Supporting Files";
			sourceTree = "<group>";
		};
		DA08079218E45306003BA737 /* Resources */ = {
			isa = PBXGroup;
			children = (
				DA0807AC18E4791C003BA737 /* padbg.png */,
				DA0807AD18E4791C003BA737 /* padbg@2x.png */,
				DA0807AE18E4791C003BA737 /* phonebg.png */,
				DA0807AF18E4791C003BA737 /* phonebg@2x.png */,
				DA08079318E45306003BA737 /* bullet.mp3 */,
				DA08079418E45306003BA737 /* BurstAircraftPause.png */,
				DA08079518E45306003BA737 /* BurstAircraftPause@2x.png */,
				DA08079618E45306003BA737 /* enemy1_down.mp3 */,
				DA08079718E45306003BA737 /* enemy2_down.mp3 */,
				DA08079818E45306003BA737 /* enemy2_out.mp3 */,
				DA08079918E45306003BA737 /* enemy3_down.mp3 */,
				DA08079A18E45306003BA737 /* game_music.mp3 */,
				DA08079B18E45306003BA737 /* game_over.mp3 */,
				DA08079C18E45306003BA737 /* gameArts-hd.plist */,
				DA08079D18E45306003BA737 /* gameArts-hd@2x.png */,
			);
			path = Resources;
			sourceTree = "<group>";
		};
/* End PBXGroup section */

/* Begin PBXNativeTarget section */
		DA08074418E44867003BA737 /* killThePilot */ = {
			isa = PBXNativeTarget;
			buildConfigurationList = DA08078118E44868003BA737 /* Build configuration list for PBXNativeTarget "killThePilot" */;
			buildPhases = (
				DA08074118E44867003BA737 /* Sources */,
				DA08074218E44867003BA737 /* Frameworks */,
				DA08074318E44867003BA737 /* Resources */,
			);
			buildRules = (
			);
			dependencies = (
			);
			name = killThePilot;
			productName = killThePilot;
			productReference = DA08074518E44867003BA737 /* killThePilot.app */;
			productType = "com.apple.product-type.application";
		};
		DA08076F18E44868003BA737 /* killThePilotTests */ = {
			isa = PBXNativeTarget;
			buildConfigurationList = DA08078418E44868003BA737 /* Build configuration list for PBXNativeTarget "killThePilotTests" */;
			buildPhases = (
				DA08076C18E44868003BA737 /* Sources */,
				DA08076D18E44868003BA737 /* Frameworks */,
				DA08076E18E44868003BA737 /* Resources */,
			);
			buildRules = (
			);
			dependencies = (
				DA08077618E44868003BA737 /* PBXTargetDependency */,
			);
			name = killThePilotTests;
			productName = killThePilotTests;
			productReference = DA08077018E44868003BA737 /* killThePilotTests.xctest */;
			productType = "com.apple.product-type.bundle.unit-test";
		};
/* End PBXNativeTarget section */

/* Begin PBXProject section */
		DA08073D18E44867003BA737 /* Project object */ = {
			isa = PBXProject;
			attributes = {
				LastUpgradeCheck = 0510;
				ORGANIZATIONNAME = wolfire;
				TargetAttributes = {
					DA08074418E44867003BA737 = {
						SystemCapabilities = {
							com.apple.iOS = {
								enabled = 1;
							};
						};
					};
					DA08076F18E44868003BA737 = {
						TestTargetID = DA08074418E44867003BA737;
					};
				};
			};
			buildConfigurationList = DA08074018E44867003BA737 /* Build configuration list for PBXProject "killThePilot" */;
			compatibilityVersion = "Xcode 3.2";
			developmentRegion = English;
			hasScannedForEncodings = 0;
			knownRegions = (
				en,
				Base,
			);
			mainGroup = DA08073C18E44867003BA737;
			productRefGroup = DA08074618E44867003BA737 /* Products */;
			projectDirPath = "";
			projectRoot = "";
			targets = (
				DA08074418E44867003BA737 /* killThePilot */,
				DA08076F18E44868003BA737 /* killThePilotTests */,
			);
		};
/* End PBXProject section */

/* Begin PBXResourcesBuildPhase section */
		DA08074318E44867003BA737 /* Resources */ = {
			isa = PBXResourcesBuildPhase;
			buildActionMask = 2147483647;
			files = (
				DA0807A018E45306003BA737 /* BurstAircraftPause@2x.png in Resources */,
				DA08079F18E45306003BA737 /* BurstAircraftPause.png in Resources */,
				DA08076918E44868003BA737 /* Spaceship.png in Resources */,
				DA0807A518E45306003BA737 /* game_music.mp3 in Resources */,
				DA0807A618E45306003BA737 /* game_over.mp3 in Resources */,
				DA08076B18E44868003BA737 /* Images.xcassets in Resources */,
				DA0807A118E45306003BA737 /* enemy1_down.mp3 in Resources */,
				DA0807A418E45306003BA737 /* enemy3_down.mp3 in Resources */,
				DA0807B018E4791C003BA737 /* padbg.png in Resources */,
				DA0807A318E45306003BA737 /* enemy2_out.mp3 in Resources */,
				DA0807B218E4791C003BA737 /* phonebg.png in Resources */,
				DA08076118E44868003BA737 /* Main_iPad.storyboard in Resources */,
				DA0807B118E4791C003BA737 /* padbg@2x.png in Resources */,
				DA08075E18E44868003BA737 /* Main_iPhone.storyboard in Resources */,
				DA0807B318E4791C003BA737 /* phonebg@2x.png in Resources */,
				DA08079E18E45306003BA737 /* bullet.mp3 in Resources */,
				DA0807A818E45306003BA737 /* gameArts-hd@2x.png in Resources */,
				DA0807A218E45306003BA737 /* enemy2_down.mp3 in Resources */,
				DA08075518E44867003BA737 /* InfoPlist.strings in Resources */,
				DA0807A718E45306003BA737 /* gameArts-hd.plist in Resources */,
			);
			runOnlyForDeploymentPostprocessing = 0;
		};
		DA08076E18E44868003BA737 /* Resources */ = {
			isa = PBXResourcesBuildPhase;
			buildActionMask = 2147483647;
			files = (
				DA08077C18E44868003BA737 /* InfoPlist.strings in Resources */,
			);
			runOnlyForDeploymentPostprocessing = 0;
		};
/* End PBXResourcesBuildPhase section */

/* Begin PBXSourcesBuildPhase section */
		DA08074118E44867003BA737 /* Sources */ = {
			isa = PBXSourcesBuildPhase;
			buildActionMask = 2147483647;
			files = (
				DA08078E18E44B5E003BA737 /* PlaneNode.m in Sources */,
				DA08075B18E44867003BA737 /* AppDelegate.m in Sources */,
				DA08079118E44D9F003BA737 /* SharedAtles.m in Sources */,
				DA0807AB18E4534A003BA737 /* PlaneScene.m in Sources */,
				DA08078B18E44ABF003BA737 /* PilotViewController.m in Sources */,
				DA08075718E44867003BA737 /* main.m in Sources */,
			);
			runOnlyForDeploymentPostprocessing = 0;
		};
		DA08076C18E44868003BA737 /* Sources */ = {
			isa = PBXSourcesBuildPhase;
			buildActionMask = 2147483647;
			files = (
				DA08077E18E44868003BA737 /* killThePilotTests.m in Sources */,
			);
			runOnlyForDeploymentPostprocessing = 0;
		};
/* End PBXSourcesBuildPhase section */

/* Begin PBXTargetDependency section */
		DA08077618E44868003BA737 /* PBXTargetDependency */ = {
			isa = PBXTargetDependency;
			target = DA08074418E44867003BA737 /* killThePilot */;
			targetProxy = DA08077518E44868003BA737 /* PBXContainerItemProxy */;
		};
/* End PBXTargetDependency section */

/* Begin PBXVariantGroup section */
		DA08075318E44867003BA737 /* InfoPlist.strings */ = {
			isa = PBXVariantGroup;
			children = (
				DA08075418E44867003BA737 /* en */,
			);
			name = InfoPlist.strings;
			sourceTree = "<group>";
		};
		DA08075C18E44868003BA737 /* Main_iPhone.storyboard */ = {
			isa = PBXVariantGroup;
			children = (
				DA08075D18E44868003BA737 /* Base */,
			);
			name = Main_iPhone.storyboard;
			sourceTree = "<group>";
		};
		DA08075F18E44868003BA737 /* Main_iPad.storyboard */ = {
			isa = PBXVariantGroup;
			children = (
				DA08076018E44868003BA737 /* Base */,
			);
			name = Main_iPad.storyboard;
			sourceTree = "<group>";
		};
		DA08077A18E44868003BA737 /* InfoPlist.strings */ = {
			isa = PBXVariantGroup;
			children = (
				DA08077B18E44868003BA737 /* en */,
			);
			name = InfoPlist.strings;
			sourceTree = "<group>";
		};
/* End PBXVariantGroup section */

/* Begin XCBuildConfiguration section */
		DA08077F18E44868003BA737 /* Debug */ = {
			isa = XCBuildConfiguration;
			buildSettings = {
				ALWAYS_SEARCH_USER_PATHS = NO;
				CLANG_CXX_LANGUAGE_STANDARD = "gnu++0x";
				CLANG_CXX_LIBRARY = "libc++";
				CLANG_ENABLE_MODULES = YES;
				CLANG_ENABLE_OBJC_ARC = YES;
				CLANG_WARN_BOOL_CONVERSION = YES;
				CLANG_WARN_CONSTANT_CONVERSION = YES;
				CLANG_WARN_DIRECT_OBJC_ISA_USAGE = YES_ERROR;
				CLANG_WARN_EMPTY_BODY = YES;
				CLANG_WARN_ENUM_CONVERSION = YES;
				CLANG_WARN_INT_CONVERSION = YES;
				CLANG_WARN_OBJC_ROOT_CLASS = YES_ERROR;
				CLANG_WARN__DUPLICATE_METHOD_MATCH = YES;
				"CODE_SIGN_IDENTITY[sdk=iphoneos*]" = "iPhone Developer";
				COPY_PHASE_STRIP = NO;
				GCC_C_LANGUAGE_STANDARD = gnu99;
				GCC_DYNAMIC_NO_PIC = NO;
				GCC_OPTIMIZATION_LEVEL = 0;
				GCC_PREPROCESSOR_DEFINITIONS = (
					"DEBUG=1",
					"$(inherited)",
				);
				GCC_SYMBOLS_PRIVATE_EXTERN = NO;
				GCC_WARN_64_TO_32_BIT_CONVERSION = YES;
				GCC_WARN_ABOUT_RETURN_TYPE = YES_ERROR;
				GCC_WARN_UNDECLARED_SELECTOR = YES;
				GCC_WARN_UNINITIALIZED_AUTOS = YES_AGGRESSIVE;
				GCC_WARN_UNUSED_FUNCTION = YES;
				GCC_WARN_UNUSED_VARIABLE = YES;
				IPHONEOS_DEPLOYMENT_TARGET = 7.1;
				ONLY_ACTIVE_ARCH = YES;
				SDKROOT = iphoneos;
				TARGETED_DEVICE_FAMILY = "1,2";
			};
			name = Debug;
		};
		DA08078018E44868003BA737 /* Release */ = {
			isa = XCBuildConfiguration;
			buildSettings = {
				ALWAYS_SEARCH_USER_PATHS = NO;
				CLANG_CXX_LANGUAGE_STANDARD = "gnu++0x";
				CLANG_CXX_LIBRARY = "libc++";
				CLANG_ENABLE_MODULES = YES;
				CLANG_ENABLE_OBJC_ARC = YES;
				CLANG_WARN_BOOL_CONVERSION = YES;
				CLANG_WARN_CONSTANT_CONVERSION = YES;
				CLANG_WARN_DIRECT_OBJC_ISA_USAGE = YES_ERROR;
				CLANG_WARN_EMPTY_BODY = YES;
				CLANG_WARN_ENUM_CONVERSION = YES;
				CLANG_WARN_INT_CONVERSION = YES;
				CLANG_WARN_OBJC_ROOT_CLASS = YES_ERROR;
				CLANG_WARN__DUPLICATE_METHOD_MATCH = YES;
				"CODE_SIGN_IDENTITY[sdk=iphoneos*]" = "iPhone Developer";
				COPY_PHASE_STRIP = YES;
				ENABLE_NS_ASSERTIONS = NO;
				GCC_C_LANGUAGE_STANDARD = gnu99;
				GCC_WARN_64_TO_32_BIT_CONVERSION = YES;
				GCC_WARN_ABOUT_RETURN_TYPE = YES_ERROR;
				GCC_WARN_UNDECLARED_SELECTOR = YES;
				GCC_WARN_UNINITIALIZED_AUTOS = YES_AGGRESSIVE;
				GCC_WARN_UNUSED_FUNCTION = YES;
				GCC_WARN_UNUSED_VARIABLE = YES;
				IPHONEOS_DEPLOYMENT_TARGET = 7.1;
				SDKROOT = iphoneos;
				TARGETED_DEVICE_FAMILY = "1,2";
				VALIDATE_PRODUCT = YES;
			};
			name = Release;
		};
		DA08078218E44868003BA737 /* Debug */ = {
			isa = XCBuildConfiguration;
			buildSettings = {
				ASSETCATALOG_COMPILER_APPICON_NAME = AppIcon;
				ASSETCATALOG_COMPILER_LAUNCHIMAGE_NAME = LaunchImage;
				GCC_PRECOMPILE_PREFIX_HEADER = YES;
				GCC_PREFIX_HEADER = "killThePilot/killThePilot-Prefix.pch";
				INFOPLIST_FILE = "killThePilot/killThePilot-Info.plist";
				PRODUCT_NAME = "$(TARGET_NAME)";
				SPRITEKIT_TEXTURE_ATLAS_OUTPUT = YES;
				WRAPPER_EXTENSION = app;
			};
			name = Debug;
		};
		DA08078318E44868003BA737 /* Release */ = {
			isa = XCBuildConfiguration;
			buildSettings = {
				ASSETCATALOG_COMPILER_APPICON_NAME = AppIcon;
				ASSETCATALOG_COMPILER_LAUNCHIMAGE_NAME = LaunchImage;
				GCC_PRECOMPILE_PREFIX_HEADER = YES;
				GCC_PREFIX_HEADER = "killThePilot/killThePilot-Prefix.pch";
				INFOPLIST_FILE = "killThePilot/killThePilot-Info.plist";
				PRODUCT_NAME = "$(TARGET_NAME)";
				SPRITEKIT_TEXTURE_ATLAS_OUTPUT = YES;
				WRAPPER_EXTENSION = app;
			};
			name = Release;
		};
		DA08078518E44868003BA737 /* Debug */ = {
			isa = XCBuildConfiguration;
			buildSettings = {
				BUNDLE_LOADER = "$(BUILT_PRODUCTS_DIR)/killThePilot.app/killThePilot";
				FRAMEWORK_SEARCH_PATHS = (
					"$(SDKROOT)/Developer/Library/Frameworks",
					"$(inherited)",
					"$(DEVELOPER_FRAMEWORKS_DIR)",
				);
				GCC_PRECOMPILE_PREFIX_HEADER = YES;
				GCC_PREFIX_HEADER = "killThePilot/killThePilot-Prefix.pch";
				GCC_PREPROCESSOR_DEFINITIONS = (
					"DEBUG=1",
					"$(inherited)",
				);
				INFOPLIST_FILE = "killThePilotTests/killThePilotTests-Info.plist";
				PRODUCT_NAME = "$(TARGET_NAME)";
				TEST_HOST = "$(BUNDLE_LOADER)";
				WRAPPER_EXTENSION = xctest;
			};
			name = Debug;
		};
		DA08078618E44868003BA737 /* Release */ = {
			isa = XCBuildConfiguration;
			buildSettings = {
				BUNDLE_LOADER = "$(BUILT_PRODUCTS_DIR)/killThePilot.app/killThePilot";
				FRAMEWORK_SEARCH_PATHS = (
					"$(SDKROOT)/Developer/Library/Frameworks",
					"$(inherited)",
					"$(DEVELOPER_FRAMEWORKS_DIR)",
				);
				GCC_PRECOMPILE_PREFIX_HEADER = YES;
				GCC_PREFIX_HEADER = "killThePilot/killThePilot-Prefix.pch";
				INFOPLIST_FILE = "killThePilotTests/killThePilotTests-Info.plist";
				PRODUCT_NAME = "$(TARGET_NAME)";
				TEST_HOST = "$(BUNDLE_LOADER)";
				WRAPPER_EXTENSION = xctest;
			};
			name = Release;
		};
/* End XCBuildConfiguration section */

/* Begin XCConfigurationList section */
		DA08074018E44867003BA737 /* Build configuration list for PBXProject "killThePilot" */ = {
			isa = XCConfigurationList;
			buildConfigurations = (
				DA08077F18E44868003BA737 /* Debug */,
				DA08078018E44868003BA737 /* Release */,
			);
			defaultConfigurationIsVisible = 0;
			defaultConfigurationName = Release;
		};
		DA08078118E44868003BA737 /* Build configuration list for PBXNativeTarget "killThePilot" */ = {
			isa = XCConfigurationList;
			buildConfigurations = (
				DA08078218E44868003BA737 /* Debug */,
				DA08078318E44868003BA737 /* Release */,
			);
			defaultConfigurationIsVisible = 0;
			defaultConfigurationName = Release;
		};
		DA08078418E44868003BA737 /* Build configuration list for PBXNativeTarget "killThePilotTests" */ = {
			isa = XCConfigurationList;
			buildConfigurations = (
				DA08078518E44868003BA737 /* Debug */,
				DA08078618E44868003BA737 /* Release */,
			);
			defaultConfigurationIsVisible = 0;
			defaultConfigurationName = Release;
		};
/* End XCConfigurationList section */
	};
	rootObject = DA08073D18E44867003BA737 /* Project object */;
}
